{
  "version": 4,
  "terraform_version": "1.3.9",
  "serial": 156,
  "lineage": "294d297e-0bb5-bbbd-7ab6-d876b802dfee",
  "outputs": {
    "vm_admin_username": {
      "value": "azureuser",
      "type": "string"
    },
    "vm_public_ip": {
      "value": "20.185.193.210",
      "type": "string"
    }
  },
  "resources": [
    {
      "mode": "managed",
      "type": "azurerm_linux_virtual_machine",
      "name": "tf_vm1",
      "provider": "provider[\"registry.terraform.io/hashicorp/azurerm\"]",
      "instances": [
        {
          "schema_version": 0,
          "attributes": {
            "additional_capabilities": [],
            "admin_password": "Azure@1234",
            "admin_ssh_key": [],
            "admin_username": "azureuser",
            "allow_extension_operations": true,
            "availability_set_id": "",
            "boot_diagnostics": [],
            "computer_name": "rhelvm",
            "custom_data": null,
            "dedicated_host_group_id": "",
            "dedicated_host_id": "",
            "disable_password_authentication": false,
            "encryption_at_host_enabled": false,
            "eviction_policy": "",
            "extensions_time_budget": "PT1H30M",
            "id": "/subscriptions/5896b703-47bb-4b3c-b893-8794e86d7763/resourceGroups/mediawiki-rg/providers/Microsoft.Compute/virtualMachines/RHEL-VM",
            "identity": [],
            "license_type": "",
            "location": "eastus",
            "max_bid_price": -1,
            "name": "RHEL-VM",
            "network_interface_ids": [
              "/subscriptions/5896b703-47bb-4b3c-b893-8794e86d7763/resourceGroups/mediawiki-rg/providers/Microsoft.Network/networkInterfaces/nic1"
            ],
            "os_disk": [
              {
                "caching": "ReadWrite",
                "diff_disk_settings": [],
                "disk_encryption_set_id": "",
                "disk_size_gb": 64,
                "name": "disk1",
                "storage_account_type": "Standard_LRS",
                "write_accelerator_enabled": false
              }
            ],
            "patch_mode": "ImageDefault",
            "plan": [],
            "platform_fault_domain": -1,
            "priority": "Regular",
            "private_ip_address": "10.0.1.4",
            "private_ip_addresses": [
              "10.0.1.4"
            ],
            "provision_vm_agent": true,
            "proximity_placement_group_id": "",
            "public_ip_address": "20.185.193.210",
            "public_ip_addresses": [
              "20.185.193.210"
            ],
            "resource_group_name": "mediawiki-rg",
            "secret": [],
            "secure_boot_enabled": false,
            "size": "Standard_B2s",
            "source_image_id": "",
            "source_image_reference": [
              {
                "offer": "RHEL",
                "publisher": "RedHat",
                "sku": "8-LVM",
                "version": "8.1.20200318"
              }
            ],
            "tags": null,
            "timeouts": null,
            "user_data": "",
            "virtual_machine_id": "fc1034e4-2c6c-4aee-945a-0aa5565e0c22",
            "virtual_machine_scale_set_id": "",
            "vtpm_enabled": false,
            "zone": ""
          },
          "sensitive_attributes": [],
          "private": "eyJlMmJmYjczMC1lY2FhLTExZTYtOGY4OC0zNDM2M2JjN2M0YzAiOnsiY3JlYXRlIjoyNzAwMDAwMDAwMDAwLCJkZWxldGUiOjI3MDAwMDAwMDAwMDAsInJlYWQiOjMwMDAwMDAwMDAwMCwidXBkYXRlIjoyNzAwMDAwMDAwMDAwfX0=",
          "dependencies": [
            "azurerm_network_interface.tf_nic1",
            "azurerm_public_ip.tf_pub_ip1",
            "azurerm_resource_group.tf_rg1",
            "azurerm_subnet.tf_subnet1",
            "azurerm_virtual_network.tf_vnet1"
          ]
        }
      ]
    },
    {
      "mode": "managed",
      "type": "azurerm_network_interface",
      "name": "tf_nic1",
      "provider": "provider[\"registry.terraform.io/hashicorp/azurerm\"]",
      "instances": [
        {
          "schema_version": 0,
          "attributes": {
            "applied_dns_servers": [],
            "dns_servers": [],
            "enable_accelerated_networking": false,
            "enable_ip_forwarding": false,
            "id": "/subscriptions/5896b703-47bb-4b3c-b893-8794e86d7763/resourceGroups/mediawiki-rg/providers/Microsoft.Network/networkInterfaces/nic1",
            "internal_dns_name_label": "",
            "internal_domain_name_suffix": "2abffmk5syauhfb14qgcbwgikd.bx.internal.cloudapp.net",
            "ip_configuration": [
              {
                "gateway_load_balancer_frontend_ip_configuration_id": "",
                "name": "nic1_ip_config",
                "primary": true,
                "private_ip_address": "10.0.1.4",
                "private_ip_address_allocation": "Dynamic",
                "private_ip_address_version": "IPv4",
                "public_ip_address_id": "/subscriptions/5896b703-47bb-4b3c-b893-8794e86d7763/resourceGroups/mediawiki-rg/providers/Microsoft.Network/publicIPAddresses/vm_pub_ip",
                "subnet_id": "/subscriptions/5896b703-47bb-4b3c-b893-8794e86d7763/resourceGroups/mediawiki-rg/providers/Microsoft.Network/virtualNetworks/vnet1/subnets/subnet1"
              }
            ],
            "location": "eastus",
            "mac_address": "",
            "name": "nic1",
            "private_ip_address": "10.0.1.4",
            "private_ip_addresses": [
              "10.0.1.4"
            ],
            "resource_group_name": "mediawiki-rg",
            "tags": null,
            "timeouts": null,
            "virtual_machine_id": ""
          },
          "sensitive_attributes": [],
          "private": "eyJlMmJmYjczMC1lY2FhLTExZTYtOGY4OC0zNDM2M2JjN2M0YzAiOnsiY3JlYXRlIjoxODAwMDAwMDAwMDAwLCJkZWxldGUiOjE4MDAwMDAwMDAwMDAsInJlYWQiOjMwMDAwMDAwMDAwMCwidXBkYXRlIjoxODAwMDAwMDAwMDAwfX0=",
          "dependencies": [
            "azurerm_public_ip.tf_pub_ip1",
            "azurerm_resource_group.tf_rg1",
            "azurerm_subnet.tf_subnet1",
            "azurerm_virtual_network.tf_vnet1"
          ]
        }
      ]
    },
    {
      "mode": "managed",
      "type": "azurerm_network_interface_security_group_association",
      "name": "tf_con1",
      "provider": "provider[\"registry.terraform.io/hashicorp/azurerm\"]",
      "instances": [
        {
          "schema_version": 0,
          "attributes": {
            "id": "/subscriptions/5896b703-47bb-4b3c-b893-8794e86d7763/resourceGroups/mediawiki-rg/providers/Microsoft.Network/networkInterfaces/nic1|/subscriptions/5896b703-47bb-4b3c-b893-8794e86d7763/resourceGroups/mediawiki-rg/providers/Microsoft.Network/networkSecurityGroups/nsg1",
            "network_interface_id": "/subscriptions/5896b703-47bb-4b3c-b893-8794e86d7763/resourceGroups/mediawiki-rg/providers/Microsoft.Network/networkInterfaces/nic1",
            "network_security_group_id": "/subscriptions/5896b703-47bb-4b3c-b893-8794e86d7763/resourceGroups/mediawiki-rg/providers/Microsoft.Network/networkSecurityGroups/nsg1",
            "timeouts": null
          },
          "sensitive_attributes": [],
          "private": "eyJlMmJmYjczMC1lY2FhLTExZTYtOGY4OC0zNDM2M2JjN2M0YzAiOnsiY3JlYXRlIjoxODAwMDAwMDAwMDAwLCJkZWxldGUiOjE4MDAwMDAwMDAwMDAsInJlYWQiOjMwMDAwMDAwMDAwMCwidXBkYXRlIjoxODAwMDAwMDAwMDAwfX0=",
          "dependencies": [
            "azurerm_network_interface.tf_nic1",
            "azurerm_network_security_group.tf_nsg1",
            "azurerm_public_ip.tf_pub_ip1",
            "azurerm_resource_group.tf_rg1",
            "azurerm_subnet.tf_subnet1",
            "azurerm_virtual_network.tf_vnet1"
          ]
        }
      ]
    },
    {
      "mode": "managed",
      "type": "azurerm_network_security_group",
      "name": "tf_nsg1",
      "provider": "provider[\"registry.terraform.io/hashicorp/azurerm\"]",
      "instances": [
        {
          "schema_version": 0,
          "attributes": {
            "id": "/subscriptions/5896b703-47bb-4b3c-b893-8794e86d7763/resourceGroups/mediawiki-rg/providers/Microsoft.Network/networkSecurityGroups/nsg1",
            "location": "eastus",
            "name": "nsg1",
            "resource_group_name": "mediawiki-rg",
            "security_rule": [],
            "tags": null,
            "timeouts": null
          },
          "sensitive_attributes": [],
          "private": "eyJlMmJmYjczMC1lY2FhLTExZTYtOGY4OC0zNDM2M2JjN2M0YzAiOnsiY3JlYXRlIjoxODAwMDAwMDAwMDAwLCJkZWxldGUiOjE4MDAwMDAwMDAwMDAsInJlYWQiOjMwMDAwMDAwMDAwMCwidXBkYXRlIjoxODAwMDAwMDAwMDAwfX0=",
          "dependencies": [
            "azurerm_resource_group.tf_rg1"
          ]
        }
      ]
    },
    {
      "mode": "managed",
      "type": "azurerm_network_security_rule",
      "name": "tf_http",
      "provider": "provider[\"registry.terraform.io/hashicorp/azurerm\"]",
      "instances": [
        {
          "schema_version": 0,
          "attributes": {
            "access": "Allow",
            "description": "Allow inbound http",
            "destination_address_prefix": "*",
            "destination_address_prefixes": null,
            "destination_application_security_group_ids": null,
            "destination_port_range": "80",
            "destination_port_ranges": null,
            "direction": "Inbound",
            "id": "/subscriptions/5896b703-47bb-4b3c-b893-8794e86d7763/resourceGroups/mediawiki-rg/providers/Microsoft.Network/networkSecurityGroups/nsg1/securityRules/HTTP",
            "name": "HTTP",
            "network_security_group_name": "nsg1",
            "priority": 200,
            "protocol": "tcp",
            "resource_group_name": "mediawiki-rg",
            "source_address_prefix": "*",
            "source_address_prefixes": null,
            "source_application_security_group_ids": null,
            "source_port_range": "*",
            "source_port_ranges": null,
            "timeouts": null
          },
          "sensitive_attributes": [],
          "private": "eyJlMmJmYjczMC1lY2FhLTExZTYtOGY4OC0zNDM2M2JjN2M0YzAiOnsiY3JlYXRlIjoxODAwMDAwMDAwMDAwLCJkZWxldGUiOjE4MDAwMDAwMDAwMDAsInJlYWQiOjMwMDAwMDAwMDAwMCwidXBkYXRlIjoxODAwMDAwMDAwMDAwfX0=",
          "dependencies": [
            "azurerm_network_security_group.tf_nsg1",
            "azurerm_resource_group.tf_rg1"
          ]
        }
      ]
    },
    {
      "mode": "managed",
      "type": "azurerm_network_security_rule",
      "name": "tf_ssh",
      "provider": "provider[\"registry.terraform.io/hashicorp/azurerm\"]",
      "instances": [
        {
          "schema_version": 0,
          "attributes": {
            "access": "Allow",
            "description": "Allow inbound ssh",
            "destination_address_prefix": "*",
            "destination_address_prefixes": null,
            "destination_application_security_group_ids": null,
            "destination_port_range": "22",
            "destination_port_ranges": null,
            "direction": "Inbound",
            "id": "/subscriptions/5896b703-47bb-4b3c-b893-8794e86d7763/resourceGroups/mediawiki-rg/providers/Microsoft.Network/networkSecurityGroups/nsg1/securityRules/SSH",
            "name": "SSH",
            "network_security_group_name": "nsg1",
            "priority": 100,
            "protocol": "tcp",
            "resource_group_name": "mediawiki-rg",
            "source_address_prefix": "*",
            "source_address_prefixes": null,
            "source_application_security_group_ids": null,
            "source_port_range": "*",
            "source_port_ranges": null,
            "timeouts": null
          },
          "sensitive_attributes": [],
          "private": "eyJlMmJmYjczMC1lY2FhLTExZTYtOGY4OC0zNDM2M2JjN2M0YzAiOnsiY3JlYXRlIjoxODAwMDAwMDAwMDAwLCJkZWxldGUiOjE4MDAwMDAwMDAwMDAsInJlYWQiOjMwMDAwMDAwMDAwMCwidXBkYXRlIjoxODAwMDAwMDAwMDAwfX0=",
          "dependencies": [
            "azurerm_network_security_group.tf_nsg1",
            "azurerm_resource_group.tf_rg1"
          ]
        }
      ]
    },
    {
      "mode": "managed",
      "type": "azurerm_public_ip",
      "name": "tf_pub_ip1",
      "provider": "provider[\"registry.terraform.io/hashicorp/azurerm\"]",
      "instances": [
        {
          "schema_version": 0,
          "attributes": {
            "allocation_method": "Dynamic",
            "availability_zone": "No-Zone",
            "domain_name_label": null,
            "fqdn": null,
            "id": "/subscriptions/5896b703-47bb-4b3c-b893-8794e86d7763/resourceGroups/mediawiki-rg/providers/Microsoft.Network/publicIPAddresses/vm_pub_ip",
            "idle_timeout_in_minutes": 4,
            "ip_address": "",
            "ip_tags": null,
            "ip_version": "IPv4",
            "location": "eastus",
            "name": "vm_pub_ip",
            "public_ip_prefix_id": null,
            "resource_group_name": "mediawiki-rg",
            "reverse_fqdn": null,
            "sku": "Basic",
            "sku_tier": "Regional",
            "tags": null,
            "timeouts": null,
            "zones": []
          },
          "sensitive_attributes": [],
          "private": "eyJlMmJmYjczMC1lY2FhLTExZTYtOGY4OC0zNDM2M2JjN2M0YzAiOnsiY3JlYXRlIjoxODAwMDAwMDAwMDAwLCJkZWxldGUiOjE4MDAwMDAwMDAwMDAsInJlYWQiOjMwMDAwMDAwMDAwMCwidXBkYXRlIjoxODAwMDAwMDAwMDAwfX0=",
          "dependencies": [
            "azurerm_resource_group.tf_rg1"
          ]
        }
      ]
    },
    {
      "mode": "managed",
      "type": "azurerm_resource_group",
      "name": "tf_rg1",
      "provider": "provider[\"registry.terraform.io/hashicorp/azurerm\"]",
      "instances": [
        {
          "schema_version": 0,
          "attributes": {
            "id": "/subscriptions/5896b703-47bb-4b3c-b893-8794e86d7763/resourceGroups/mediawiki-rg",
            "location": "eastus",
            "name": "mediawiki-rg",
            "tags": null,
            "timeouts": null
          },
          "sensitive_attributes": [],
          "private": "eyJlMmJmYjczMC1lY2FhLTExZTYtOGY4OC0zNDM2M2JjN2M0YzAiOnsiY3JlYXRlIjo1NDAwMDAwMDAwMDAwLCJkZWxldGUiOjU0MDAwMDAwMDAwMDAsInJlYWQiOjMwMDAwMDAwMDAwMCwidXBkYXRlIjo1NDAwMDAwMDAwMDAwfX0="
        }
      ]
    },
    {
      "mode": "managed",
      "type": "azurerm_subnet",
      "name": "tf_subnet1",
      "provider": "provider[\"registry.terraform.io/hashicorp/azurerm\"]",
      "instances": [
        {
          "schema_version": 0,
          "attributes": {
            "address_prefix": "10.0.1.0/24",
            "address_prefixes": [
              "10.0.1.0/24"
            ],
            "delegation": [],
            "enforce_private_link_endpoint_network_policies": false,
            "enforce_private_link_service_network_policies": false,
            "id": "/subscriptions/5896b703-47bb-4b3c-b893-8794e86d7763/resourceGroups/mediawiki-rg/providers/Microsoft.Network/virtualNetworks/vnet1/subnets/subnet1",
            "name": "subnet1",
            "resource_group_name": "mediawiki-rg",
            "service_endpoint_policy_ids": null,
            "service_endpoints": null,
            "timeouts": null,
            "virtual_network_name": "vnet1"
          },
          "sensitive_attributes": [],
          "private": "eyJlMmJmYjczMC1lY2FhLTExZTYtOGY4OC0zNDM2M2JjN2M0YzAiOnsiY3JlYXRlIjoxODAwMDAwMDAwMDAwLCJkZWxldGUiOjE4MDAwMDAwMDAwMDAsInJlYWQiOjMwMDAwMDAwMDAwMCwidXBkYXRlIjoxODAwMDAwMDAwMDAwfX0=",
          "dependencies": [
            "azurerm_resource_group.tf_rg1",
            "azurerm_virtual_network.tf_vnet1"
          ]
        }
      ]
    },
    {
      "mode": "managed",
      "type": "azurerm_virtual_network",
      "name": "tf_vnet1",
      "provider": "provider[\"registry.terraform.io/hashicorp/azurerm\"]",
      "instances": [
        {
          "schema_version": 0,
          "attributes": {
            "address_space": [
              "10.0.0.0/16"
            ],
            "bgp_community": "",
            "ddos_protection_plan": [],
            "dns_servers": [],
            "flow_timeout_in_minutes": 0,
            "guid": "b15202e0-965f-4301-943b-f40c20d8c853",
            "id": "/subscriptions/5896b703-47bb-4b3c-b893-8794e86d7763/resourceGroups/mediawiki-rg/providers/Microsoft.Network/virtualNetworks/vnet1",
            "location": "eastus",
            "name": "vnet1",
            "resource_group_name": "mediawiki-rg",
            "subnet": [],
            "tags": null,
            "timeouts": null,
            "vm_protection_enabled": false
          },
          "sensitive_attributes": [],
          "private": "eyJlMmJmYjczMC1lY2FhLTExZTYtOGY4OC0zNDM2M2JjN2M0YzAiOnsiY3JlYXRlIjoxODAwMDAwMDAwMDAwLCJkZWxldGUiOjE4MDAwMDAwMDAwMDAsInJlYWQiOjMwMDAwMDAwMDAwMCwidXBkYXRlIjoxODAwMDAwMDAwMDAwfX0=",
          "dependencies": [
            "azurerm_resource_group.tf_rg1"
          ]
        }
      ]
    }
  ],
  "check_results": null
}
